// !$*UTF8*$!
{
	archiveVersion = 1;
	classes = {
	};
	objectVersion = 50;
	objects = {

/* Begin PBXBuildFile section */
		2AC7207B215368FE006DE7C9 /* AppDelegate.swift in Sources */ = {isa = PBXBuildFile; fileRef = 2AC7207A215368FE006DE7C9 /* AppDelegate.swift */; };
		2AC7207D215368FE006DE7C9 /* art.scnassets in Resources */ = {isa = PBXBuildFile; fileRef = 2AC7207C215368FE006DE7C9 /* art.scnassets */; };
		2AC7207F215368FE006DE7C9 /* ViewController.swift in Sources */ = {isa = PBXBuildFile; fileRef = 2AC7207E215368FE006DE7C9 /* ViewController.swift */; };
		2AC72082215368FE006DE7C9 /* Main.storyboard in Resources */ = {isa = PBXBuildFile; fileRef = 2AC72080215368FE006DE7C9 /* Main.storyboard */; };
		2AC7208421536901006DE7C9 /* Assets.xcassets in Resources */ = {isa = PBXBuildFile; fileRef = 2AC7208321536901006DE7C9 /* Assets.xcassets */; };
		2AC7208721536901006DE7C9 /* LaunchScreen.storyboard in Resources */ = {isa = PBXBuildFile; fileRef = 2AC7208521536901006DE7C9 /* LaunchScreen.storyboard */; };
		2AC7209221536901006DE7C9 /* Food___EatTests.swift in Sources */ = {isa = PBXBuildFile; fileRef = 2AC7209121536901006DE7C9 /* Food___EatTests.swift */; };
		2AC7209D21536901006DE7C9 /* Food___EatUITests.swift in Sources */ = {isa = PBXBuildFile; fileRef = 2AC7209C21536901006DE7C9 /* Food___EatUITests.swift */; };
		2AEA16512158AFCF00C1439F /* MyCollectionViewCell.swift in Sources */ = {isa = PBXBuildFile; fileRef = 2AEA16502158AFCF00C1439F /* MyCollectionViewCell.swift */; };
/* End PBXBuildFile section */

/* Begin PBXContainerItemProxy section */
		2AC7208E21536901006DE7C9 /* PBXContainerItemProxy */ = {
			isa = PBXContainerItemProxy;
			containerPortal = 2AC7206F215368FE006DE7C9 /* Project object */;
			proxyType = 1;
			remoteGlobalIDString = 2AC72076215368FE006DE7C9;
			remoteInfo = "Food & Eat";
		};
		2AC7209921536901006DE7C9 /* PBXContainerItemProxy */ = {
			isa = PBXContainerItemProxy;
			containerPortal = 2AC7206F215368FE006DE7C9 /* Project object */;
			proxyType = 1;
			remoteGlobalIDString = 2AC72076215368FE006DE7C9;
			remoteInfo = "Food & Eat";
		};
/* End PBXContainerItemProxy section */

/* Begin PBXFileReference section */
		2AC72077215368FE006DE7C9 /* Food & Eat.app */ = {isa = PBXFileReference; explicitFileType = wrapper.application; includeInIndex = 0; path = "Food & Eat.app"; sourceTree = BUILT_PRODUCTS_DIR; };
		2AC7207A215368FE006DE7C9 /* AppDelegate.swift */ = {isa = PBXFileReference; lastKnownFileType = sourcecode.swift; path = AppDelegate.swift; sourceTree = "<group>"; };
		2AC7207C215368FE006DE7C9 /* art.scnassets */ = {isa = PBXFileReference; lastKnownFileType = wrapper.scnassets; path = art.scnassets; sourceTree = "<group>"; };
		2AC7207E215368FE006DE7C9 /* ViewController.swift */ = {isa = PBXFileReference; lastKnownFileType = sourcecode.swift; path = ViewController.swift; sourceTree = "<group>"; };
		2AC72081215368FE006DE7C9 /* Base */ = {isa = PBXFileReference; lastKnownFileType = file.storyboard; name = Base; path = Base.lproj/Main.storyboard; sourceTree = "<group>"; };
		2AC7208321536901006DE7C9 /* Assets.xcassets */ = {isa = PBXFileReference; lastKnownFileType = folder.assetcatalog; path = Assets.xcassets; sourceTree = "<group>"; };
		2AC7208621536901006DE7C9 /* Base */ = {isa = PBXFileReference; lastKnownFileType = file.storyboard; name = Base; path = Base.lproj/LaunchScreen.storyboard; sourceTree = "<group>"; };
		2AC7208821536901006DE7C9 /* Info.plist */ = {isa = PBXFileReference; lastKnownFileType = text.plist.xml; path = Info.plist; sourceTree = "<group>"; };
		2AC7208D21536901006DE7C9 /* Food & EatTests.xctest */ = {isa = PBXFileReference; explicitFileType = wrapper.cfbundle; includeInIndex = 0; path = "Food & EatTests.xctest"; sourceTree = BUILT_PRODUCTS_DIR; };
		2AC7209121536901006DE7C9 /* Food___EatTests.swift */ = {isa = PBXFileReference; lastKnownFileType = sourcecode.swift; path = "Food___EatTests.swift"; sourceTree = "<group>"; };
		2AC7209321536901006DE7C9 /* Info.plist */ = {isa = PBXFileReference; lastKnownFileType = text.plist.xml; path = Info.plist; sourceTree = "<group>"; };
		2AC7209821536901006DE7C9 /* Food & EatUITests.xctest */ = {isa = PBXFileReference; explicitFileType = wrapper.cfbundle; includeInIndex = 0; path = "Food & EatUITests.xctest"; sourceTree = BUILT_PRODUCTS_DIR; };
		2AC7209C21536901006DE7C9 /* Food___EatUITests.swift */ = {isa = PBXFileReference; lastKnownFileType = sourcecode.swift; path = "Food___EatUITests.swift"; sourceTree = "<group>"; };
		2AC7209E21536901006DE7C9 /* Info.plist */ = {isa = PBXFileReference; lastKnownFileType = text.plist.xml; path = Info.plist; sourceTree = "<group>"; };
		2AEA16502158AFCF00C1439F /* MyCollectionViewCell.swift */ = {isa = PBXFileReference; lastKnownFileType = sourcecode.swift; path = MyCollectionViewCell.swift; sourceTree = "<group>"; };
/* End PBXFileReference section */

/* Begin PBXFrameworksBuildPhase section */
		2AC72074215368FE006DE7C9 /* Frameworks */ = {
			isa = PBXFrameworksBuildPhase;
			buildActionMask = 2147483647;
			files = (
			);
			runOnlyForDeploymentPostprocessing = 0;
		};
		2AC7208A21536901006DE7C9 /* Frameworks */ = {
			isa = PBXFrameworksBuildPhase;
			buildActionMask = 2147483647;
			files = (
			);
			runOnlyForDeploymentPostprocessing = 0;
		};
		2AC7209521536901006DE7C9 /* Frameworks */ = {
			isa = PBXFrameworksBuildPhase;
			buildActionMask = 2147483647;
			files = (
			);
			runOnlyForDeploymentPostprocessing = 0;
		};
/* End PBXFrameworksBuildPhase section */

/* Begin PBXGroup section */
		2AC7206E215368FE006DE7C9 = {
			isa = PBXGroup;
			children = (
				2AC72079215368FE006DE7C9 /* Food & Eat */,
				2AC7209021536901006DE7C9 /* Food & EatTests */,
				2AC7209B21536901006DE7C9 /* Food & EatUITests */,
				2AC72078215368FE006DE7C9 /* Products */,
			);
			sourceTree = "<group>";
		};
		2AC72078215368FE006DE7C9 /* Products */ = {
			isa = PBXGroup;
			children = (
				2AC72077215368FE006DE7C9 /* Food & Eat.app */,
				2AC7208D21536901006DE7C9 /* Food & EatTests.xctest */,
				2AC7209821536901006DE7C9 /* Food & EatUITests.xctest */,
			);
			name = Products;
			sourceTree = "<group>";
		};
		2AC72079215368FE006DE7C9 /* Food & Eat */ = {
			isa = PBXGroup;
			children = (
				2AC7207A215368FE006DE7C9 /* AppDelegate.swift */,
				2AC7207C215368FE006DE7C9 /* art.scnassets */,
				2AC7207E215368FE006DE7C9 /* ViewController.swift */,
				2AC72080215368FE006DE7C9 /* Main.storyboard */,
				2AC7208321536901006DE7C9 /* Assets.xcassets */,
				2AC7208521536901006DE7C9 /* LaunchScreen.storyboard */,
				2AC7208821536901006DE7C9 /* Info.plist */,
				2AEA16502158AFCF00C1439F /* MyCollectionViewCell.swift */,
			);
			path = "Food & Eat";
			sourceTree = "<group>";
		};
		2AC7209021536901006DE7C9 /* Food & EatTests */ = {
			isa = PBXGroup;
			children = (
				2AC7209121536901006DE7C9 /* Food___EatTests.swift */,
				2AC7209321536901006DE7C9 /* Info.plist */,
			);
			path = "Food & EatTests";
			sourceTree = "<group>";
		};
		2AC7209B21536901006DE7C9 /* Food & EatUITests */ = {
			isa = PBXGroup;
			children = (
				2AC7209C21536901006DE7C9 /* Food___EatUITests.swift */,
				2AC7209E21536901006DE7C9 /* Info.plist */,
			);
			path = "Food & EatUITests";
			sourceTree = "<group>";
		};
/* End PBXGroup section */

/* Begin PBXNativeTarget section */
		2AC72076215368FE006DE7C9 /* Food & Eat */ = {
			isa = PBXNativeTarget;
			buildConfigurationList = 2AC720A121536901006DE7C9 /* Build configuration list for PBXNativeTarget "Food & Eat" */;
			buildPhases = (
				2AC72073215368FE006DE7C9 /* Sources */,
				2AC72074215368FE006DE7C9 /* Frameworks */,
				2AC72075215368FE006DE7C9 /* Resources */,
			);
			buildRules = (
			);
			dependencies = (
			);
			name = "Food & Eat";
			productName = "Food & Eat";
			productReference = 2AC72077215368FE006DE7C9 /* Food & Eat.app */;
			productType = "com.apple.product-type.application";
		};
		2AC7208C21536901006DE7C9 /* Food & EatTests */ = {
			isa = PBXNativeTarget;
			buildConfigurationList = 2AC720A421536901006DE7C9 /* Build configuration list for PBXNativeTarget "Food & EatTests" */;
			buildPhases = (
				2AC7208921536901006DE7C9 /* Sources */,
				2AC7208A21536901006DE7C9 /* Frameworks */,
				2AC7208B21536901006DE7C9 /* Resources */,
			);
			buildRules = (
			);
			dependencies = (
				2AC7208F21536901006DE7C9 /* PBXTargetDependency */,
			);
			name = "Food & EatTests";
			productName = "Food & EatTests";
			productReference = 2AC7208D21536901006DE7C9 /* Food & EatTests.xctest */;
			productType = "com.apple.product-type.bundle.unit-test";
		};
		2AC7209721536901006DE7C9 /* Food & EatUITests */ = {
			isa = PBXNativeTarget;
			buildConfigurationList = 2AC720A721536901006DE7C9 /* Build configuration list for PBXNativeTarget "Food & EatUITests" */;
			buildPhases = (
				2AC7209421536901006DE7C9 /* Sources */,
				2AC7209521536901006DE7C9 /* Frameworks */,
				2AC7209621536901006DE7C9 /* Resources */,
			);
			buildRules = (
			);
			dependencies = (
				2AC7209A21536901006DE7C9 /* PBXTargetDependency */,
			);
			name = "Food & EatUITests";
			productName = "Food & EatUITests";
			productReference = 2AC7209821536901006DE7C9 /* Food & EatUITests.xctest */;
			productType = "com.apple.product-type.bundle.ui-testing";
		};
/* End PBXNativeTarget section */

/* Begin PBXProject section */
		2AC7206F215368FE006DE7C9 /* Project object */ = {
			isa = PBXProject;
			attributes = {
				LastSwiftUpdateCheck = 1000;
				LastUpgradeCheck = 1000;
				ORGANIZATIONNAME = "Paramesh V";
				TargetAttributes = {
					2AC72076215368FE006DE7C9 = {
						CreatedOnToolsVersion = 10.0;
					};
					2AC7208C21536901006DE7C9 = {
						CreatedOnToolsVersion = 10.0;
						TestTargetID = 2AC72076215368FE006DE7C9;
					};
					2AC7209721536901006DE7C9 = {
						CreatedOnToolsVersion = 10.0;
						TestTargetID = 2AC72076215368FE006DE7C9;
					};
				};
			};
			buildConfigurationList = 2AC72072215368FE006DE7C9 /* Build configuration list for PBXProject "Food & Eat" */;
			compatibilityVersion = "Xcode 9.3";
			developmentRegion = en;
			hasScannedForEncodings = 0;
			knownRegions = (
				en,
				Base,
			);
			mainGroup = 2AC7206E215368FE006DE7C9;
			productRefGroup = 2AC72078215368FE006DE7C9 /* Products */;
			projectDirPath = "";
			projectRoot = "";
			targets = (
				2AC72076215368FE006DE7C9 /* Food & Eat */,
				2AC7208C21536901006DE7C9 /* Food & EatTests */,
				2AC7209721536901006DE7C9 /* Food & EatUITests */,
			);
		};
/* End PBXProject section */

/* Begin PBXResourcesBuildPhase section */
		2AC72075215368FE006DE7C9 /* Resources */ = {
			isa = PBXResourcesBuildPhase;
			buildActionMask = 2147483647;
			files = (
				2AC7207D215368FE006DE7C9 /* art.scnassets in Resources */,
				2AC7208721536901006DE7C9 /* LaunchScreen.storyboard in Resources */,
				2AC7208421536901006DE7C9 /* Assets.xcassets in Resources */,
				2AC72082215368FE006DE7C9 /* Main.storyboard in Resources */,
			);
			runOnlyForDeploymentPostprocessing = 0;
		};
		2AC7208B21536901006DE7C9 /* Resources */ = {
			isa = PBXResourcesBuildPhase;
			buildActionMask = 2147483647;
			files = (
			);
			runOnlyForDeploymentPostprocessing = 0;
		};
		2AC7209621536901006DE7C9 /* Resources */ = {
			isa = PBXResourcesBuildPhase;
			buildActionMask = 2147483647;
			files = (
			);
			runOnlyForDeploymentPostprocessing = 0;
		};
/* End PBXResourcesBuildPhase section */

/* Begin PBXSourcesBuildPhase section */
		2AC72073215368FE006DE7C9 /* Sources */ = {
			isa = PBXSourcesBuildPhase;
			buildActionMask = 2147483647;
			files = (
				2AC7207F215368FE006DE7C9 /* ViewController.swift in Sources */,
				2AC7207B215368FE006DE7C9 /* AppDelegate.swift in Sources */,
				2AEA16512158AFCF00C1439F /* MyCollectionViewCell.swift in Sources */,
			);
			runOnlyForDeploymentPostprocessing = 0;
		};
		2AC7208921536901006DE7C9 /* Sources */ = {
			isa = PBXSourcesBuildPhase;
			buildActionMask = 2147483647;
			files = (
				2AC7209221536901006DE7C9 /* Food___EatTests.swift in Sources */,
			);
			runOnlyForDeploymentPostprocessing = 0;
		};
		2AC7209421536901006DE7C9 /* Sources */ = {
			isa = PBXSourcesBuildPhase;
			buildActionMask = 2147483647;
			files = (
				2AC7209D21536901006DE7C9 /* Food___EatUITests.swift in Sources */,
			);
			runOnlyForDeploymentPostprocessing = 0;
		};
/* End PBXSourcesBuildPhase section */

/* Begin PBXTargetDependency section */
		2AC7208F21536901006DE7C9 /* PBXTargetDependency */ = {
			isa = PBXTargetDependency;
			target = 2AC72076215368FE006DE7C9 /* Food & Eat */;
			targetProxy = 2AC7208E21536901006DE7C9 /* PBXContainerItemProxy */;
		};
		2AC7209A21536901006DE7C9 /* PBXTargetDependency */ = {
			isa = PBXTargetDependency;
			target = 2AC72076215368FE006DE7C9 /* Food & Eat */;
			targetProxy = 2AC7209921536901006DE7C9 /* PBXContainerItemProxy */;
		};
/* End PBXTargetDependency section */

/* Begin PBXVariantGroup section */
		2AC72080215368FE006DE7C9 /* Main.storyboard */ = {
			isa = PBXVariantGroup;
			children = (
				2AC72081215368FE006DE7C9 /* Base */,
			);
			name = Main.storyboard;
			sourceTree = "<group>";
		};
		2AC7208521536901006DE7C9 /* LaunchScreen.storyboard */ = {
			isa = PBXVariantGroup;
			children = (
				2AC7208621536901006DE7C9 /* Base */,
			);
			name = LaunchScreen.storyboard;
			sourceTree = "<group>";
		};
/* End PBXVariantGroup section */

/* Begin XCBuildConfiguration section */
		2AC7209F21536901006DE7C9 /* Debug */ = {
			isa = XCBuildConfiguration;
			buildSettings = {
				ALWAYS_SEARCH_USER_PATHS = NO;
				CLANG_ANALYZER_NONNULL = YES;
				CLANG_ANALYZER_NUMBER_OBJECT_CONVERSION = YES_AGGRESSIVE;
				CLANG_CXX_LANGUAGE_STANDARD = "gnu++14";
				CLANG_CXX_LIBRARY = "libc++";
				CLANG_ENABLE_MODULES = YES;
				CLANG_ENABLE_OBJC_ARC = YES;
				CLANG_ENABLE_OBJC_WEAK = YES;
				CLANG_WARN_BLOCK_CAPTURE_AUTORELEASING = YES;
				CLANG_WARN_BOOL_CONVERSION = YES;
				CLANG_WARN_COMMA = YES;
				CLANG_WARN_CONSTANT_CONVERSION = YES;
				CLANG_WARN_DEPRECATED_OBJC_IMPLEMENTATIONS = YES;
				CLANG_WARN_DIRECT_OBJC_ISA_USAGE = YES_ERROR;
				CLANG_WARN_DOCUMENTATION_COMMENTS = YES;
				CLANG_WARN_EMPTY_BODY = YES;
				CLANG_WARN_ENUM_CONVERSION = YES;
				CLANG_WARN_INFINITE_RECURSION = YES;
				CLANG_WARN_INT_CONVERSION = YES;
				CLANG_WARN_NON_LITERAL_NULL_CONVERSION = YES;
				CLANG_WARN_OBJC_IMPLICIT_RETAIN_SELF = YES;
				CLANG_WARN_OBJC_LITERAL_CONVERSION = YES;
				CLANG_WARN_OBJC_ROOT_CLASS = YES_ERROR;
				CLANG_WARN_RANGE_LOOP_ANALYSIS = YES;
				CLANG_WARN_STRICT_PROTOTYPES = YES;
				CLANG_WARN_SUSPICIOUS_MOVE = YES;
				CLANG_WARN_UNGUARDED_AVAILABILITY = YES_AGGRESSIVE;
				CLANG_WARN_UNREACHABLE_CODE = YES;
				CLANG_WARN__DUPLICATE_METHOD_MATCH = YES;
				CODE_SIGN_IDENTITY = "iPhone Developer";
				COPY_PHASE_STRIP = NO;
				DEBUG_INFORMATION_FORMAT = dwarf;
				ENABLE_STRICT_OBJC_MSGSEND = YES;
				ENABLE_TESTABILITY = YES;
				GCC_C_LANGUAGE_STANDARD = gnu11;
				GCC_DYNAMIC_NO_PIC = NO;
				GCC_NO_COMMON_BLOCKS = YES;
				GCC_OPTIMIZATION_LEVEL = 0;
				GCC_PREPROCESSOR_DEFINITIONS = (
					"DEBUG=1",
					"$(inherited)",
				);
				GCC_WARN_64_TO_32_BIT_CONVERSION = YES;
				GCC_WARN_ABOUT_RETURN_TYPE = YES_ERROR;
				GCC_WARN_UNDECLARED_SELECTOR = YES;
				GCC_WARN_UNINITIALIZED_AUTOS = YES_AGGRESSIVE;
				GCC_WARN_UNUSED_FUNCTION = YES;
				GCC_WARN_UNUSED_VARIABLE = YES;
				IPHONEOS_DEPLOYMENT_TARGET = 12.0;
				MTL_ENABLE_DEBUG_INFO = INCLUDE_SOURCE;
				MTL_FAST_MATH = YES;
				ONLY_ACTIVE_ARCH = YES;
				SDKROOT = iphoneos;
				SWIFT_ACTIVE_COMPILATION_CONDITIONS = DEBUG;
				SWIFT_OPTIMIZATION_LEVEL = "-Onone";
			};
			name = Debug;
		};
		2AC720A021536901006DE7C9 /* Release */ = {
			isa = XCBuildConfiguration;
			buildSettings = {
				ALWAYS_SEARCH_USER_PATHS = NO;
				CLANG_ANALYZER_NONNULL = YES;
				CLANG_ANALYZER_NUMBER_OBJECT_CONVERSION = YES_AGGRESSIVE;
				CLANG_CXX_LANGUAGE_STANDARD = "gnu++14";
				CLANG_CXX_LIBRARY = "libc++";
				CLANG_ENABLE_MODULES = YES;
				CLANG_ENABLE_OBJC_ARC = YES;
				CLANG_ENABLE_OBJC_WEAK = YES;
				CLANG_WARN_BLOCK_CAPTURE_AUTORELEASING = YES;
				CLANG_WARN_BOOL_CONVERSION = YES;
				CLANG_WARN_COMMA = YES;
				CLANG_WARN_CONSTANT_CONVERSION = YES;
				CLANG_WARN_DEPRECATED_OBJC_IMPLEMENTATIONS = YES;
				CLANG_WARN_DIRECT_OBJC_ISA_USAGE = YES_ERROR;
				CLANG_WARN_DOCUMENTATION_COMMENTS = YES;
				CLANG_WARN_EMPTY_BODY = YES;
				CLANG_WARN_ENUM_CONVERSION = YES;
				CLANG_WARN_INFINITE_RECURSION = YES;
				CLANG_WARN_INT_CONVERSION = YES;
				CLANG_WARN_NON_LITERAL_NULL_CONVERSION = YES;
				CLANG_WARN_OBJC_IMPLICIT_RETAIN_SELF = YES;
				CLANG_WARN_OBJC_LITERAL_CONVERSION = YES;
				CLANG_WARN_OBJC_ROOT_CLASS = YES_ERROR;
				CLANG_WARN_RANGE_LOOP_ANALYSIS = YES;
				CLANG_WARN_STRICT_PROTOTYPES = YES;
				CLANG_WARN_SUSPICIOUS_MOVE = YES;
				CLANG_WARN_UNGUARDED_AVAILABILITY = YES_AGGRESSIVE;
				CLANG_WARN_UNREACHABLE_CODE = YES;
				CLANG_WARN__DUPLICATE_METHOD_MATCH = YES;
				CODE_SIGN_IDENTITY = "iPhone Developer";
				COPY_PHASE_STRIP = NO;
				DEBUG_INFORMATION_FORMAT = "dwarf-with-dsym";
				ENABLE_NS_ASSERTIONS = NO;
				ENABLE_STRICT_OBJC_MSGSEND = YES;
				GCC_C_LANGUAGE_STANDARD = gnu11;
				GCC_NO_COMMON_BLOCKS = YES;
				GCC_WARN_64_TO_32_BIT_CONVERSION = YES;
				GCC_WARN_ABOUT_RETURN_TYPE = YES_ERROR;
				GCC_WARN_UNDECLARED_SELECTOR = YES;
				GCC_WARN_UNINITIALIZED_AUTOS = YES_AGGRESSIVE;
				GCC_WARN_UNUSED_FUNCTION = YES;
				GCC_WARN_UNUSED_VARIABLE = YES;
				IPHONEOS_DEPLOYMENT_TARGET = 12.0;
				MTL_ENABLE_DEBUG_INFO = NO;
				MTL_FAST_MATH = YES;
				SDKROOT = iphoneos;
				SWIFT_COMPILATION_MODE = wholemodule;
				SWIFT_OPTIMIZATION_LEVEL = "-O";
				VALIDATE_PRODUCT = YES;
			};
			name = Release;
		};
		2AC720A221536901006DE7C9 /* Debug */ = {
			isa = XCBuildConfiguration;
			buildSettings = {
				ASSETCATALOG_COMPILER_APPICON_NAME = AppIcon;
				CODE_SIGN_IDENTITY = "iPhone Developer";
				CODE_SIGN_STYLE = Automatic;
				DEVELOPMENT_TEAM = XSJRRDKMW9;
				INFOPLIST_FILE = "Food & Eat/Info.plist";
				IPHONEOS_DEPLOYMENT_TARGET = 12.0;
				LD_RUNPATH_SEARCH_PATHS = (
					"$(inherited)",
					"@executable_path/Frameworks",
				);
				PRODUCT_BUNDLE_IDENTIFIER = com.cz.junaidFoodEat;
				PRODUCT_NAME = "$(TARGET_NAME)";
				PROVISIONING_PROFILE_SPECIFIER = "";
				SWIFT_VERSION = 4.2;
				TARGETED_DEVICE_FAMILY = "1,2";
			};
			name = Debug;
		};
		2AC720A321536901006DE7C9 /* Release */ = {
			isa = XCBuildConfiguration;
			buildSettings = {
				ASSETCATALOG_COMPILER_APPICON_NAME = AppIcon;
				CODE_SIGN_IDENTITY = "iPhone Developer";
				CODE_SIGN_STYLE = Automatic;
				DEVELOPMENT_TEAM = XSJRRDKMW9;
				INFOPLIST_FILE = "Food & Eat/Info.plist";
				IPHONEOS_DEPLOYMENT_TARGET = 12.0;
				LD_RUNPATH_SEARCH_PATHS = (
					"$(inherited)",
					"@executable_path/Frameworks",
				);
				PRODUCT_BUNDLE_IDENTIFIER = com.cz.junaidFoodEat;
				PRODUCT_NAME = "$(TARGET_NAME)";
				PROVISIONING_PROFILE_SPECIFIER = "";
				SWIFT_VERSION = 4.2;
				TARGETED_DEVICE_FAMILY = "1,2";
			};
			name = Release;
		};
		2AC720A521536901006DE7C9 /* Debug */ = {
			isa = XCBuildConfiguration;
			buildSettings = {
				ALWAYS_EMBED_SWIFT_STANDARD_LIBRARIES = YES;
				BUNDLE_LOADER = "$(TEST_HOST)";
				CODE_SIGN_STYLE = Automatic;
				DEVELOPMENT_TEAM = XSJRRDKMW9;
				INFOPLIST_FILE = "Food & EatTests/Info.plist";
				LD_RUNPATH_SEARCH_PATHS = (
					"$(inherited)",
					"@executable_path/Frameworks",
					"@loader_path/Frameworks",
				);
				PRODUCT_BUNDLE_IDENTIFIER = "com.czsm.junaid.Food---EatTests";
				PRODUCT_NAME = "$(TARGET_NAME)";
				SWIFT_VERSION = 4.2;
				TARGETED_DEVICE_FAMILY = "1,2";
				TEST_HOST = "$(BUILT_PRODUCTS_DIR)/Food & Eat.app/Food & Eat";
			};
			name = Debug;
		};
		2AC720A621536901006DE7C9 /* Release */ = {
			isa = XCBuildConfiguration;
			buildSettings = {
				ALWAYS_EMBED_SWIFT_STANDARD_LIBRARIES = YES;
				BUNDLE_LOADER = "$(TEST_HOST)";
				CODE_SIGN_STYLE = Automatic;
				DEVELOPMENT_TEAM = XSJRRDKMW9;
				INFOPLIST_FILE = "Food & EatTests/Info.plist";
				LD_RUNPATH_SEARCH_PATHS = (
					"$(inherited)",
					"@executable_path/Frameworks",
					"@loader_path/Frameworks",
				);
				PRODUCT_BUNDLE_IDENTIFIER = "com.czsm.junaid.Food---EatTests";
				PRODUCT_NAME = "$(TARGET_NAME)";
				SWIFT_VERSION = 4.2;
				TARGETED_DEVICE_FAMILY = "1,2";
				TEST_HOST = "$(BUILT_PRODUCTS_DIR)/Food & Eat.app/Food & Eat";
			};
			name = Release;
		};
		2AC720A821536901006DE7C9 /* Debug */ = {
			isa = XCBuildConfiguration;
			buildSettings = {
				ALWAYS_EMBED_SWIFT_STANDARD_LIBRARIES = YES;
				CODE_SIGN_STYLE = Automatic;
				DEVELOPMENT_TEAM = XSJRRDKMW9;
				INFOPLIST_FILE = "Food & EatUITests/Info.plist";
				LD_RUNPATH_SEARCH_PATHS = (
					"$(inherited)",
					"@executable_path/Frameworks",
					"@loader_path/Frameworks",
				);
				PRODUCT_BUNDLE_IDENTIFIER = "com.czsm.junaid.Food---EatUITests";
				PRODUCT_NAME = "$(TARGET_NAME)";
				SWIFT_VERSION = 4.2;
				TARGETED_DEVICE_FAMILY = "1,2";
				TEST_TARGET_NAME = "Food & Eat";
			};
			name = Debug;
		};
		2AC720A921536901006DE7C9 /* Release */ = {
			isa = XCBuildConfiguration;
			buildSettings = {
				ALWAYS_EMBED_SWIFT_STANDARD_LIBRARIES = YES;
				CODE_SIGN_STYLE = Automatic;
				DEVELOPMENT_TEAM = XSJRRDKMW9;
				INFOPLIST_FILE = "Food & EatUITests/Info.plist";
				LD_RUNPATH_SEARCH_PATHS = (
					"$(inherited)",
					"@executable_path/Frameworks",
					"@loader_path/Frameworks",
				);
				PRODUCT_BUNDLE_IDENTIFIER = "com.czsm.junaid.Food---EatUITests";
				PRODUCT_NAME = "$(TARGET_NAME)";
				SWIFT_VERSION = 4.2;
				TARGETED_DEVICE_FAMILY = "1,2";
				TEST_TARGET_NAME = "Food & Eat";
			};
			name = Release;
		};
/* End XCBuildConfiguration section */

/* Begin XCConfigurationList section */
		2AC72072215368FE006DE7C9 /* Build configuration list for PBXProject "Food & Eat" */ = {
			isa = XCConfigurationList;
			buildConfigurations = (
				2AC7209F21536901006DE7C9 /* Debug */,
				2AC720A021536901006DE7C9 /* Release */,
			);
			defaultConfigurationIsVisible = 0;
			defaultConfigurationName = Release;
		};
		2AC720A121536901006DE7C9 /* Build configuration list for PBXNativeTarget "Food & Eat" */ = {
			isa = XCConfigurationList;
			buildConfigurations = (
				2AC720A221536901006DE7C9 /* Debug */,
				2AC720A321536901006DE7C9 /* Release */,
			);
			defaultConfigurationIsVisible = 0;
			defaultConfigurationName = Release;
		};
		2AC720A421536901006DE7C9 /* Build configuration list for PBXNativeTarget "Food & EatTests" */ = {
			isa = XCConfigurationList;
			buildConfigurations = (
				2AC720A521536901006DE7C9 /* Debug */,
				2AC720A621536901006DE7C9 /* Release */,
			);
			defaultConfigurationIsVisible = 0;
			defaultConfigurationName = Release;
		};
		2AC720A721536901006DE7C9 /* Build configuration list for PBXNativeTarget "Food & EatUITests" */ = {
			isa = XCConfigurationList;
			buildConfigurations = (
				2AC720A821536901006DE7C9 /* Debug */,
				2AC720A921536901006DE7C9 /* Release */,
			);
			defaultConfigurationIsVisible = 0;
			defaultConfigurationName = Release;
		};
/* End XCConfigurationList section */
	};
	rootObject = 2AC7206F215368FE006DE7C9 /* Project object */;
}
